
Microsoft Visual Studio Solution File, Format Version 12.00
# Visual Studio 15
VisualStudioVersion = 15.0.28307.1267
MinimumVisualStudioVersion = 10.0.40219.1
Project("{8BC9CEB8-8B4A-11D0-8D11-00A0C91BC942}") = "HM23", "HM23\HM23.vcxproj", "{FE50DD47-32D3-4D6E-ACFA-4410311EDAE2}"
EndProject
Global
	GlobalSection(SolutionConfigurationPlatforms) = preSolution
		Debug|x64 = Debug|x64
		Debug|x86 = Debug|x86
		Release|x64 = Release|x64
		Release|x86 = Release|x86
	EndGlobalSection
	GlobalSection(ProjectConfigurationPlatforms) = postSolution
		{FE50DD47-32D3-4D6E-ACFA-4410311EDAE2}.Debug|x64.ActiveCfg = Debug|x64
		{FE50DD47-32D3-4D6E-ACFA-4410311EDAE2}.Debug|x64.Build.0 = Debug|x64
		{FE50DD47-32D3-4D6E-ACFA-4410311EDAE2}.Debug|x86.ActiveCfg = Debug|Win32
		{FE50DD47-32D3-4D6E-ACFA-4410311EDAE2}.Debug|x86.Build.0 = Debug|Win32
		{FE50DD47-32D3-4D6E-ACFA-4410311EDAE2}.Release|x64.ActiveCfg = Release|x64
		{FE50DD47-32D3-4D6E-ACFA-4410311EDAE2}.Release|x64.Build.0 = Release|x64
		{FE50DD47-32D3-4D6E-ACFA-4410311EDAE2}.Release|x86.ActiveCfg = Release|Win32
		{FE50DD47-32D3-4D6E-ACFA-4410311EDAE2}.Release|x86.Build.0 = Release|Win32
	EndGlobalSection
	GlobalSection(SolutionProperties) = preSolution
		HideSolutionNode = FALSE
	EndGlobalSection
	GlobalSection(ExtensibilityGlobals) = postSolution
		SolutionGuid = {E59D8F69-A542-4086-89CD-75E4634D1EEB}
	EndGlobalSection
EndGlobal
